
Microsoft Visual Studio Solution File, Format Version 12.00
# Visual Studio 15
VisualStudioVersion = 15.0.26730.16
MinimumVisualStudioVersion = 10.0.40219.1
Project("{9A19103F-16F7-4668-BE54-9A1E7A4F7556}") = "Design Patterns", "Design Patterns\Design Patterns.csproj", "{6C83B2E4-C245-4B3B-B62F-2B143D7DD5CB}"
EndProject
Project("{9A19103F-16F7-4668-BE54-9A1E7A4F7556}") = "Builder", "Builder\Builder.csproj", "{02258A2E-0F09-43F6-BABE-747F40D79EA6}"
EndProject
Project("{9A19103F-16F7-4668-BE54-9A1E7A4F7556}") = "Factory Pattern", "Factory Pattern\Factory Pattern.csproj", "{6CEA1763-D28A-44AB-8BB7-F1BC54D3CA07}"
EndProject
Project("{2150E333-8FDC-42A3-9474-1A3956D46DE8}") = "[Practices]", "[Practices]", "{AD54023B-787C-4665-A073-5E206AF932DD}"
EndProject
Project("{9A19103F-16F7-4668-BE54-9A1E7A4F7556}") = "Builder 0.01", "Builder 0.01\Builder 0.01.csproj", "{6E26FE4C-6469-4F73-B204-2A74CCB481AA}"
EndProject
Project("{9A19103F-16F7-4668-BE54-9A1E7A4F7556}") = "Builder 0.02 - Subway Order", "Builder 0.02\Builder 0.02 - Subway Order.csproj", "{6E02BFD0-0C73-45B2-9809-B462953DFB94}"
EndProject
Project("{9A19103F-16F7-4668-BE54-9A1E7A4F7556}") = "IoCContainer(Demo)", "IoCContainer(Demo)\IoCContainer(Demo).csproj", "{868D264F-7BE6-408C-8F1C-63DBCB2AB9E2}"
EndProject
Project("{9A19103F-16F7-4668-BE54-9A1E7A4F7556}") = "UnityIoC(Demo)", "UnityIoC(Demo)\UnityIoC(Demo).csproj", "{17233B31-20F5-4CD4-B061-893E9916FB16}"
EndProject
Project("{9A19103F-16F7-4668-BE54-9A1E7A4F7556}") = "Builder 0.03", "Builder 0.03\Builder 0.03.csproj", "{0D17EF4B-E9B5-4262-862E-A1A96759248B}"
EndProject
Project("{2150E333-8FDC-42A3-9474-1A3956D46DE8}") = "[Testing Stuff]", "[Testing Stuff]", "{193848E1-F435-4197-AFC6-DB8071F2B7BC}"
EndProject
Project("{9A19103F-16F7-4668-BE54-9A1E7A4F7556}") = "Builder 0.04 - Sandwiches-L", "Builder 0.04 - Sandwiches-L\Builder 0.04 - Sandwiches-L.csproj", "{6E97FF3D-E447-4A48-BFBA-C32B095F5557}"
EndProject
Project("{9A19103F-16F7-4668-BE54-9A1E7A4F7556}") = "TryFinaly", "TryFinaly\TryFinaly.csproj", "{6B31F762-A54D-40B9-AE87-DABC0B470676}"
EndProject
Project("{9A19103F-16F7-4668-BE54-9A1E7A4F7556}") = "Singleton", "Singleton\Singleton.csproj", "{E52AB07F-8321-4D84-BE88-AEAA1C753D33}"
EndProject
Project("{9A19103F-16F7-4668-BE54-9A1E7A4F7556}") = "AbstractFactory", "AbstractFactory\AbstractFactory.csproj", "{927C5433-2F37-4473-938E-B9228E420F21}"
EndProject
Project("{9A19103F-16F7-4668-BE54-9A1E7A4F7556}") = "FactoryMethod", "FactoryMethod\FactoryMethod.csproj", "{71E94E66-516C-4405-9D94-B9D9B1356A09}"
EndProject
Project("{9A19103F-16F7-4668-BE54-9A1E7A4F7556}") = "Prototype", "Prototype\Prototype.csproj", "{795134D6-FFE1-4E1A-9A37-E8372858649F}"
EndProject
Project("{9A19103F-16F7-4668-BE54-9A1E7A4F7556}") = "Object Pool-antiPatt", "Object Pool-antiPatt\Object Pool-antiPatt.csproj", "{EF5C8162-5553-48C8-AB92-D4803F943139}"
EndProject
Project("{2150E333-8FDC-42A3-9474-1A3956D46DE8}") = "Creational Patterns", "Creational Patterns", "{8BDC3CBE-EBA2-4C84-AA41-D70C17923981}"
EndProject
Project("{2150E333-8FDC-42A3-9474-1A3956D46DE8}") = "Structural", "Structural", "{01D494E8-79AE-4A5D-8C05-4292040D4750}"
EndProject
Project("{9A19103F-16F7-4668-BE54-9A1E7A4F7556}") = "Adapter", "Adapter\Adapter.csproj", "{89753AF1-7C5B-44A5-84C9-F848D3953FE3}"
EndProject
Project("{2150E333-8FDC-42A3-9474-1A3956D46DE8}") = "Behavioral", "Behavioral", "{733E9CCC-642B-4D56-A9A7-346B9D98A3C9}"
EndProject
Project("{9A19103F-16F7-4668-BE54-9A1E7A4F7556}") = "Bridge", "Bridge\Bridge.csproj", "{A9F63E46-BE6C-42E1-B61D-5E427356A83F}"
EndProject
Global
	GlobalSection(SolutionConfigurationPlatforms) = preSolution
		Debug|Any CPU = Debug|Any CPU
		Release|Any CPU = Release|Any CPU
	EndGlobalSection
	GlobalSection(ProjectConfigurationPlatforms) = postSolution
		{6C83B2E4-C245-4B3B-B62F-2B143D7DD5CB}.Debug|Any CPU.ActiveCfg = Debug|Any CPU
		{6C83B2E4-C245-4B3B-B62F-2B143D7DD5CB}.Debug|Any CPU.Build.0 = Debug|Any CPU
		{6C83B2E4-C245-4B3B-B62F-2B143D7DD5CB}.Release|Any CPU.ActiveCfg = Release|Any CPU
		{6C83B2E4-C245-4B3B-B62F-2B143D7DD5CB}.Release|Any CPU.Build.0 = Release|Any CPU
		{02258A2E-0F09-43F6-BABE-747F40D79EA6}.Debug|Any CPU.ActiveCfg = Debug|Any CPU
		{02258A2E-0F09-43F6-BABE-747F40D79EA6}.Debug|Any CPU.Build.0 = Debug|Any CPU
		{02258A2E-0F09-43F6-BABE-747F40D79EA6}.Release|Any CPU.ActiveCfg = Release|Any CPU
		{02258A2E-0F09-43F6-BABE-747F40D79EA6}.Release|Any CPU.Build.0 = Release|Any CPU
		{6CEA1763-D28A-44AB-8BB7-F1BC54D3CA07}.Debug|Any CPU.ActiveCfg = Debug|Any CPU
		{6CEA1763-D28A-44AB-8BB7-F1BC54D3CA07}.Debug|Any CPU.Build.0 = Debug|Any CPU
		{6CEA1763-D28A-44AB-8BB7-F1BC54D3CA07}.Release|Any CPU.ActiveCfg = Release|Any CPU
		{6CEA1763-D28A-44AB-8BB7-F1BC54D3CA07}.Release|Any CPU.Build.0 = Release|Any CPU
		{6E26FE4C-6469-4F73-B204-2A74CCB481AA}.Debug|Any CPU.ActiveCfg = Debug|Any CPU
		{6E26FE4C-6469-4F73-B204-2A74CCB481AA}.Debug|Any CPU.Build.0 = Debug|Any CPU
		{6E26FE4C-6469-4F73-B204-2A74CCB481AA}.Release|Any CPU.ActiveCfg = Release|Any CPU
		{6E26FE4C-6469-4F73-B204-2A74CCB481AA}.Release|Any CPU.Build.0 = Release|Any CPU
		{6E02BFD0-0C73-45B2-9809-B462953DFB94}.Debug|Any CPU.ActiveCfg = Debug|Any CPU
		{6E02BFD0-0C73-45B2-9809-B462953DFB94}.Debug|Any CPU.Build.0 = Debug|Any CPU
		{6E02BFD0-0C73-45B2-9809-B462953DFB94}.Release|Any CPU.ActiveCfg = Release|Any CPU
		{6E02BFD0-0C73-45B2-9809-B462953DFB94}.Release|Any CPU.Build.0 = Release|Any CPU
		{868D264F-7BE6-408C-8F1C-63DBCB2AB9E2}.Debug|Any CPU.ActiveCfg = Debug|Any CPU
		{868D264F-7BE6-408C-8F1C-63DBCB2AB9E2}.Debug|Any CPU.Build.0 = Debug|Any CPU
		{868D264F-7BE6-408C-8F1C-63DBCB2AB9E2}.Release|Any CPU.ActiveCfg = Release|Any CPU
		{868D264F-7BE6-408C-8F1C-63DBCB2AB9E2}.Release|Any CPU.Build.0 = Release|Any CPU
		{17233B31-20F5-4CD4-B061-893E9916FB16}.Debug|Any CPU.ActiveCfg = Debug|Any CPU
		{17233B31-20F5-4CD4-B061-893E9916FB16}.Debug|Any CPU.Build.0 = Debug|Any CPU
		{17233B31-20F5-4CD4-B061-893E9916FB16}.Release|Any CPU.ActiveCfg = Release|Any CPU
		{17233B31-20F5-4CD4-B061-893E9916FB16}.Release|Any CPU.Build.0 = Release|Any CPU
		{0D17EF4B-E9B5-4262-862E-A1A96759248B}.Debug|Any CPU.ActiveCfg = Debug|Any CPU
		{0D17EF4B-E9B5-4262-862E-A1A96759248B}.Debug|Any CPU.Build.0 = Debug|Any CPU
		{0D17EF4B-E9B5-4262-862E-A1A96759248B}.Release|Any CPU.ActiveCfg = Release|Any CPU
		{0D17EF4B-E9B5-4262-862E-A1A96759248B}.Release|Any CPU.Build.0 = Release|Any CPU
		{6E97FF3D-E447-4A48-BFBA-C32B095F5557}.Debug|Any CPU.ActiveCfg = Debug|Any CPU
		{6E97FF3D-E447-4A48-BFBA-C32B095F5557}.Debug|Any CPU.Build.0 = Debug|Any CPU
		{6E97FF3D-E447-4A48-BFBA-C32B095F5557}.Release|Any CPU.ActiveCfg = Release|Any CPU
		{6E97FF3D-E447-4A48-BFBA-C32B095F5557}.Release|Any CPU.Build.0 = Release|Any CPU
		{6B31F762-A54D-40B9-AE87-DABC0B470676}.Debug|Any CPU.ActiveCfg = Debug|Any CPU
		{6B31F762-A54D-40B9-AE87-DABC0B470676}.Debug|Any CPU.Build.0 = Debug|Any CPU
		{6B31F762-A54D-40B9-AE87-DABC0B470676}.Release|Any CPU.ActiveCfg = Release|Any CPU
		{6B31F762-A54D-40B9-AE87-DABC0B470676}.Release|Any CPU.Build.0 = Release|Any CPU
		{E52AB07F-8321-4D84-BE88-AEAA1C753D33}.Debug|Any CPU.ActiveCfg = Debug|Any CPU
		{E52AB07F-8321-4D84-BE88-AEAA1C753D33}.Debug|Any CPU.Build.0 = Debug|Any CPU
		{E52AB07F-8321-4D84-BE88-AEAA1C753D33}.Release|Any CPU.ActiveCfg = Release|Any CPU
		{E52AB07F-8321-4D84-BE88-AEAA1C753D33}.Release|Any CPU.Build.0 = Release|Any CPU
		{927C5433-2F37-4473-938E-B9228E420F21}.Debug|Any CPU.ActiveCfg = Debug|Any CPU
		{927C5433-2F37-4473-938E-B9228E420F21}.Debug|Any CPU.Build.0 = Debug|Any CPU
		{927C5433-2F37-4473-938E-B9228E420F21}.Release|Any CPU.ActiveCfg = Release|Any CPU
		{927C5433-2F37-4473-938E-B9228E420F21}.Release|Any CPU.Build.0 = Release|Any CPU
		{71E94E66-516C-4405-9D94-B9D9B1356A09}.Debug|Any CPU.ActiveCfg = Debug|Any CPU
		{71E94E66-516C-4405-9D94-B9D9B1356A09}.Debug|Any CPU.Build.0 = Debug|Any CPU
		{71E94E66-516C-4405-9D94-B9D9B1356A09}.Release|Any CPU.ActiveCfg = Release|Any CPU
		{71E94E66-516C-4405-9D94-B9D9B1356A09}.Release|Any CPU.Build.0 = Release|Any CPU
		{795134D6-FFE1-4E1A-9A37-E8372858649F}.Debug|Any CPU.ActiveCfg = Debug|Any CPU
		{795134D6-FFE1-4E1A-9A37-E8372858649F}.Debug|Any CPU.Build.0 = Debug|Any CPU
		{795134D6-FFE1-4E1A-9A37-E8372858649F}.Release|Any CPU.ActiveCfg = Release|Any CPU
		{795134D6-FFE1-4E1A-9A37-E8372858649F}.Release|Any CPU.Build.0 = Release|Any CPU
		{EF5C8162-5553-48C8-AB92-D4803F943139}.Debug|Any CPU.ActiveCfg = Debug|Any CPU
		{EF5C8162-5553-48C8-AB92-D4803F943139}.Debug|Any CPU.Build.0 = Debug|Any CPU
		{EF5C8162-5553-48C8-AB92-D4803F943139}.Release|Any CPU.ActiveCfg = Release|Any CPU
		{EF5C8162-5553-48C8-AB92-D4803F943139}.Release|Any CPU.Build.0 = Release|Any CPU
		{89753AF1-7C5B-44A5-84C9-F848D3953FE3}.Debug|Any CPU.ActiveCfg = Debug|Any CPU
		{89753AF1-7C5B-44A5-84C9-F848D3953FE3}.Debug|Any CPU.Build.0 = Debug|Any CPU
		{89753AF1-7C5B-44A5-84C9-F848D3953FE3}.Release|Any CPU.ActiveCfg = Release|Any CPU
		{89753AF1-7C5B-44A5-84C9-F848D3953FE3}.Release|Any CPU.Build.0 = Release|Any CPU
		{A9F63E46-BE6C-42E1-B61D-5E427356A83F}.Debug|Any CPU.ActiveCfg = Debug|Any CPU
		{A9F63E46-BE6C-42E1-B61D-5E427356A83F}.Debug|Any CPU.Build.0 = Debug|Any CPU
		{A9F63E46-BE6C-42E1-B61D-5E427356A83F}.Release|Any CPU.ActiveCfg = Release|Any CPU
		{A9F63E46-BE6C-42E1-B61D-5E427356A83F}.Release|Any CPU.Build.0 = Release|Any CPU
	EndGlobalSection
	GlobalSection(SolutionProperties) = preSolution
		HideSolutionNode = FALSE
	EndGlobalSection
	GlobalSection(NestedProjects) = preSolution
		{6C83B2E4-C245-4B3B-B62F-2B143D7DD5CB} = {193848E1-F435-4197-AFC6-DB8071F2B7BC}
		{02258A2E-0F09-43F6-BABE-747F40D79EA6} = {8BDC3CBE-EBA2-4C84-AA41-D70C17923981}
		{6CEA1763-D28A-44AB-8BB7-F1BC54D3CA07} = {8BDC3CBE-EBA2-4C84-AA41-D70C17923981}
		{6E26FE4C-6469-4F73-B204-2A74CCB481AA} = {AD54023B-787C-4665-A073-5E206AF932DD}
		{6E02BFD0-0C73-45B2-9809-B462953DFB94} = {AD54023B-787C-4665-A073-5E206AF932DD}
		{0D17EF4B-E9B5-4262-862E-A1A96759248B} = {AD54023B-787C-4665-A073-5E206AF932DD}
		{6E97FF3D-E447-4A48-BFBA-C32B095F5557} = {AD54023B-787C-4665-A073-5E206AF932DD}
		{6B31F762-A54D-40B9-AE87-DABC0B470676} = {193848E1-F435-4197-AFC6-DB8071F2B7BC}
		{E52AB07F-8321-4D84-BE88-AEAA1C753D33} = {8BDC3CBE-EBA2-4C84-AA41-D70C17923981}
		{927C5433-2F37-4473-938E-B9228E420F21} = {8BDC3CBE-EBA2-4C84-AA41-D70C17923981}
		{71E94E66-516C-4405-9D94-B9D9B1356A09} = {8BDC3CBE-EBA2-4C84-AA41-D70C17923981}
		{795134D6-FFE1-4E1A-9A37-E8372858649F} = {8BDC3CBE-EBA2-4C84-AA41-D70C17923981}
		{EF5C8162-5553-48C8-AB92-D4803F943139} = {8BDC3CBE-EBA2-4C84-AA41-D70C17923981}
		{89753AF1-7C5B-44A5-84C9-F848D3953FE3} = {01D494E8-79AE-4A5D-8C05-4292040D4750}
		{A9F63E46-BE6C-42E1-B61D-5E427356A83F} = {01D494E8-79AE-4A5D-8C05-4292040D4750}
	EndGlobalSection
	GlobalSection(ExtensibilityGlobals) = postSolution
		SolutionGuid = {3C8B57CE-9AED-40CE-AF95-21066E5F3072}
	EndGlobalSection
EndGlobal
