
Microsoft Visual Studio Solution File, Format Version 12.00
# Visual Studio 15
VisualStudioVersion = 15.0.26430.13
MinimumVisualStudioVersion = 10.0.40219.1
Project("{9A19103F-16F7-4668-BE54-9A1E7A4F7556}") = "Task-1", "Task-1\Task-1.csproj", "{E16B8381-C964-4835-A5B5-A70DBBDDC561}"
EndProject
Project("{9A19103F-16F7-4668-BE54-9A1E7A4F7556}") = "Task-2", "Task-2\Task-2.csproj", "{427933AF-AD37-43DC-9486-24AD84E8DE4F}"
EndProject
Project("{9A19103F-16F7-4668-BE54-9A1E7A4F7556}") = "Task-3", "Task-3\Task-3.csproj", "{75F7929A-85F9-42C0-9AAB-549DD01B55F1}"
EndProject
Project("{9A19103F-16F7-4668-BE54-9A1E7A4F7556}") = "Task-4", "Task-4\Task-4.csproj", "{B62AECCD-F8CE-4805-95C5-241E608AB5EC}"
EndProject
Project("{FAE04EC0-301F-11D3-BF4B-00C04F79EFBC}") = "TestLand", "TestLand\TestLand.csproj", "{AE2F62B0-410E-446F-BB08-7A289E615696}"
EndProject
Global
	GlobalSection(SolutionConfigurationPlatforms) = preSolution
		Debug|Any CPU = Debug|Any CPU
		Release|Any CPU = Release|Any CPU
	EndGlobalSection
	GlobalSection(ProjectConfigurationPlatforms) = postSolution
		{E16B8381-C964-4835-A5B5-A70DBBDDC561}.Debug|Any CPU.ActiveCfg = Debug|Any CPU
		{E16B8381-C964-4835-A5B5-A70DBBDDC561}.Debug|Any CPU.Build.0 = Debug|Any CPU
		{E16B8381-C964-4835-A5B5-A70DBBDDC561}.Release|Any CPU.ActiveCfg = Release|Any CPU
		{E16B8381-C964-4835-A5B5-A70DBBDDC561}.Release|Any CPU.Build.0 = Release|Any CPU
		{427933AF-AD37-43DC-9486-24AD84E8DE4F}.Debug|Any CPU.ActiveCfg = Debug|Any CPU
		{427933AF-AD37-43DC-9486-24AD84E8DE4F}.Debug|Any CPU.Build.0 = Debug|Any CPU
		{427933AF-AD37-43DC-9486-24AD84E8DE4F}.Release|Any CPU.ActiveCfg = Release|Any CPU
		{427933AF-AD37-43DC-9486-24AD84E8DE4F}.Release|Any CPU.Build.0 = Release|Any CPU
		{75F7929A-85F9-42C0-9AAB-549DD01B55F1}.Debug|Any CPU.ActiveCfg = Debug|Any CPU
		{75F7929A-85F9-42C0-9AAB-549DD01B55F1}.Debug|Any CPU.Build.0 = Debug|Any CPU
		{75F7929A-85F9-42C0-9AAB-549DD01B55F1}.Release|Any CPU.ActiveCfg = Release|Any CPU
		{75F7929A-85F9-42C0-9AAB-549DD01B55F1}.Release|Any CPU.Build.0 = Release|Any CPU
		{B62AECCD-F8CE-4805-95C5-241E608AB5EC}.Debug|Any CPU.ActiveCfg = Debug|Any CPU
		{B62AECCD-F8CE-4805-95C5-241E608AB5EC}.Debug|Any CPU.Build.0 = Debug|Any CPU
		{B62AECCD-F8CE-4805-95C5-241E608AB5EC}.Release|Any CPU.ActiveCfg = Release|Any CPU
		{B62AECCD-F8CE-4805-95C5-241E608AB5EC}.Release|Any CPU.Build.0 = Release|Any CPU
		{AE2F62B0-410E-446F-BB08-7A289E615696}.Debug|Any CPU.ActiveCfg = Debug|Any CPU
		{AE2F62B0-410E-446F-BB08-7A289E615696}.Debug|Any CPU.Build.0 = Debug|Any CPU
		{AE2F62B0-410E-446F-BB08-7A289E615696}.Release|Any CPU.ActiveCfg = Release|Any CPU
		{AE2F62B0-410E-446F-BB08-7A289E615696}.Release|Any CPU.Build.0 = Release|Any CPU
	EndGlobalSection
	GlobalSection(SolutionProperties) = preSolution
		HideSolutionNode = FALSE
	EndGlobalSection
EndGlobal
