
Microsoft Visual Studio Solution File, Format Version 12.00
# Visual Studio 15
VisualStudioVersion = 15.0.26430.16
MinimumVisualStudioVersion = 10.0.40219.1
Project("{9A19103F-16F7-4668-BE54-9A1E7A4F7556}") = "Enumerations Parsing", "TheBookIntro\Enumerations Parsing.csproj", "{267CE8EC-3C48-40AA-95D8-BF25BBAD9C74}"
EndProject
Project("{9A19103F-16F7-4668-BE54-9A1E7A4F7556}") = "DI of IList", "DI of IList\DI of IList.csproj", "{60526428-E6B3-4967-A3CD-6ABF69B6E7E9}"
EndProject
Project("{9A19103F-16F7-4668-BE54-9A1E7A4F7556}") = "TryParseVSParsAssign", "TryParseVSParsAssign\TryParseVSParsAssign.csproj", "{0DE67A0A-9602-4F14-BE96-2CF0C9E4401D}"
EndProject
Project("{9A19103F-16F7-4668-BE54-9A1E7A4F7556}") = "InterfacePass", "InterfacePass\InterfacePass.csproj", "{472D361D-FE40-4549-B132-3B3C56970FE6}"
EndProject
Project("{9A19103F-16F7-4668-BE54-9A1E7A4F7556}") = "Enumeraition Use", "Enumeraition Use\Enumeraition Use.csproj", "{589CAC61-948D-4B05-8387-4762E27EFDB4}"
EndProject
Project("{FAE04EC0-301F-11D3-BF4B-00C04F79EFBC}") = "000-Quick", "000-Quick\000-Quick.csproj", "{6528201C-98DD-471B-9E22-B1BF87404AAA}"
EndProject
Project("{FAE04EC0-301F-11D3-BF4B-00C04F79EFBC}") = "Generics", "Generics\Generics.csproj", "{DA09072B-F8ED-46A1-BB62-6869CB1D9D61}"
EndProject
Project("{FAE04EC0-301F-11D3-BF4B-00C04F79EFBC}") = "ExtensionMethods", "ExtensionMethods\ExtensionMethods.csproj", "{2A0DDD12-A3F5-4D50-AF24-D1FC10A2F4B3}"
EndProject
Project("{FAE04EC0-301F-11D3-BF4B-00C04F79EFBC}") = "Lambda", "Lambda\Lambda.csproj", "{04CA2B24-715E-4141-9447-7DAB17C90BEA}"
EndProject
Global
	GlobalSection(SolutionConfigurationPlatforms) = preSolution
		Debug|Any CPU = Debug|Any CPU
		Release|Any CPU = Release|Any CPU
	EndGlobalSection
	GlobalSection(ProjectConfigurationPlatforms) = postSolution
		{267CE8EC-3C48-40AA-95D8-BF25BBAD9C74}.Debug|Any CPU.ActiveCfg = Debug|Any CPU
		{267CE8EC-3C48-40AA-95D8-BF25BBAD9C74}.Debug|Any CPU.Build.0 = Debug|Any CPU
		{267CE8EC-3C48-40AA-95D8-BF25BBAD9C74}.Release|Any CPU.ActiveCfg = Release|Any CPU
		{267CE8EC-3C48-40AA-95D8-BF25BBAD9C74}.Release|Any CPU.Build.0 = Release|Any CPU
		{60526428-E6B3-4967-A3CD-6ABF69B6E7E9}.Debug|Any CPU.ActiveCfg = Debug|Any CPU
		{60526428-E6B3-4967-A3CD-6ABF69B6E7E9}.Debug|Any CPU.Build.0 = Debug|Any CPU
		{60526428-E6B3-4967-A3CD-6ABF69B6E7E9}.Release|Any CPU.ActiveCfg = Release|Any CPU
		{60526428-E6B3-4967-A3CD-6ABF69B6E7E9}.Release|Any CPU.Build.0 = Release|Any CPU
		{0DE67A0A-9602-4F14-BE96-2CF0C9E4401D}.Debug|Any CPU.ActiveCfg = Debug|Any CPU
		{0DE67A0A-9602-4F14-BE96-2CF0C9E4401D}.Debug|Any CPU.Build.0 = Debug|Any CPU
		{0DE67A0A-9602-4F14-BE96-2CF0C9E4401D}.Release|Any CPU.ActiveCfg = Release|Any CPU
		{0DE67A0A-9602-4F14-BE96-2CF0C9E4401D}.Release|Any CPU.Build.0 = Release|Any CPU
		{472D361D-FE40-4549-B132-3B3C56970FE6}.Debug|Any CPU.ActiveCfg = Debug|Any CPU
		{472D361D-FE40-4549-B132-3B3C56970FE6}.Debug|Any CPU.Build.0 = Debug|Any CPU
		{472D361D-FE40-4549-B132-3B3C56970FE6}.Release|Any CPU.ActiveCfg = Release|Any CPU
		{472D361D-FE40-4549-B132-3B3C56970FE6}.Release|Any CPU.Build.0 = Release|Any CPU
		{589CAC61-948D-4B05-8387-4762E27EFDB4}.Debug|Any CPU.ActiveCfg = Debug|Any CPU
		{589CAC61-948D-4B05-8387-4762E27EFDB4}.Debug|Any CPU.Build.0 = Debug|Any CPU
		{589CAC61-948D-4B05-8387-4762E27EFDB4}.Release|Any CPU.ActiveCfg = Release|Any CPU
		{589CAC61-948D-4B05-8387-4762E27EFDB4}.Release|Any CPU.Build.0 = Release|Any CPU
		{6528201C-98DD-471B-9E22-B1BF87404AAA}.Debug|Any CPU.ActiveCfg = Debug|Any CPU
		{6528201C-98DD-471B-9E22-B1BF87404AAA}.Debug|Any CPU.Build.0 = Debug|Any CPU
		{6528201C-98DD-471B-9E22-B1BF87404AAA}.Release|Any CPU.ActiveCfg = Release|Any CPU
		{6528201C-98DD-471B-9E22-B1BF87404AAA}.Release|Any CPU.Build.0 = Release|Any CPU
		{DA09072B-F8ED-46A1-BB62-6869CB1D9D61}.Debug|Any CPU.ActiveCfg = Debug|Any CPU
		{DA09072B-F8ED-46A1-BB62-6869CB1D9D61}.Debug|Any CPU.Build.0 = Debug|Any CPU
		{DA09072B-F8ED-46A1-BB62-6869CB1D9D61}.Release|Any CPU.ActiveCfg = Release|Any CPU
		{DA09072B-F8ED-46A1-BB62-6869CB1D9D61}.Release|Any CPU.Build.0 = Release|Any CPU
		{2A0DDD12-A3F5-4D50-AF24-D1FC10A2F4B3}.Debug|Any CPU.ActiveCfg = Debug|Any CPU
		{2A0DDD12-A3F5-4D50-AF24-D1FC10A2F4B3}.Debug|Any CPU.Build.0 = Debug|Any CPU
		{2A0DDD12-A3F5-4D50-AF24-D1FC10A2F4B3}.Release|Any CPU.ActiveCfg = Release|Any CPU
		{2A0DDD12-A3F5-4D50-AF24-D1FC10A2F4B3}.Release|Any CPU.Build.0 = Release|Any CPU
		{04CA2B24-715E-4141-9447-7DAB17C90BEA}.Debug|Any CPU.ActiveCfg = Debug|Any CPU
		{04CA2B24-715E-4141-9447-7DAB17C90BEA}.Debug|Any CPU.Build.0 = Debug|Any CPU
		{04CA2B24-715E-4141-9447-7DAB17C90BEA}.Release|Any CPU.ActiveCfg = Release|Any CPU
		{04CA2B24-715E-4141-9447-7DAB17C90BEA}.Release|Any CPU.Build.0 = Release|Any CPU
	EndGlobalSection
	GlobalSection(SolutionProperties) = preSolution
		HideSolutionNode = FALSE
	EndGlobalSection
EndGlobal
