
Microsoft Visual Studio Solution File, Format Version 12.00
# Visual Studio 15
VisualStudioVersion = 15.0.26730.12
MinimumVisualStudioVersion = 10.0.40219.1
Project("{FAE04EC0-301F-11D3-BF4B-00C04F79EFBC}") = "GigCalendar", "GigCalendar\GigCalendar.csproj", "{190EB28F-A2D5-4A68-86A3-73C711740B6B}"
EndProject
Global
	GlobalSection(SolutionConfigurationPlatforms) = preSolution
		Debug|Any CPU = Debug|Any CPU
		Release|Any CPU = Release|Any CPU
	EndGlobalSection
	GlobalSection(ProjectConfigurationPlatforms) = postSolution
		{190EB28F-A2D5-4A68-86A3-73C711740B6B}.Debug|Any CPU.ActiveCfg = Debug|Any CPU
		{190EB28F-A2D5-4A68-86A3-73C711740B6B}.Debug|Any CPU.Build.0 = Debug|Any CPU
		{190EB28F-A2D5-4A68-86A3-73C711740B6B}.Release|Any CPU.ActiveCfg = Release|Any CPU
		{190EB28F-A2D5-4A68-86A3-73C711740B6B}.Release|Any CPU.Build.0 = Release|Any CPU
	EndGlobalSection
	GlobalSection(SolutionProperties) = preSolution
		HideSolutionNode = FALSE
	EndGlobalSection
	GlobalSection(ExtensibilityGlobals) = postSolution
		SolutionGuid = {1A54340E-1733-4C0C-8AFB-0D5AD280D529}
	EndGlobalSection
EndGlobal
