
Microsoft Visual Studio Solution File, Format Version 12.00
# Visual Studio 15
VisualStudioVersion = 15.0.26127.0
MinimumVisualStudioVersion = 10.0.40219.1
Project("{2150E333-8FDC-42A3-9474-1A3956D46DE8}") = "src", "src", "{C23AA997-CE2C-4F22-A374-64A7313B8689}"
EndProject
Project("{2150E333-8FDC-42A3-9474-1A3956D46DE8}") = "Solution Items", "Solution Items", "{FFBE8289-B592-4F5A-83C5-86C4D2E4AE7D}"
	ProjectSection(SolutionItems) = preProject
		global.json = global.json
	EndProjectSection
EndProject
Project("{9A19103F-16F7-4668-BE54-9A1E7A4F7556}") = "01. Magical numbers", "src\01. Magical numbers\01. Magical numbers.csproj", "{149425BF-2655-4D05-8E75-D8A7077FD40F}"
EndProject
Project("{9A19103F-16F7-4668-BE54-9A1E7A4F7556}") = "02. Going to a party", "src\02. Going to a party\02. Going to a party.csproj", "{DD02BAA0-1D9F-4D96-B949-4873EF21E988}"
EndProject
Project("{9A19103F-16F7-4668-BE54-9A1E7A4F7556}") = "03. Secret Message", "src\03. Secret Message\03. Secret Message.csproj", "{20E6F171-3D8B-44B8-8EF0-56DEB95A262C}"
EndProject
Project("{9A19103F-16F7-4668-BE54-9A1E7A4F7556}") = "04. Merging numbers", "src\04. Merging numbers\04. Merging numbers.csproj", "{201E99B7-D219-49FD-A58A-DB8A0D087E06}"
EndProject
Global
	GlobalSection(SolutionConfigurationPlatforms) = preSolution
		Debug|Any CPU = Debug|Any CPU
		Release|Any CPU = Release|Any CPU
	EndGlobalSection
	GlobalSection(ProjectConfigurationPlatforms) = postSolution
		{149425BF-2655-4D05-8E75-D8A7077FD40F}.Debug|Any CPU.ActiveCfg = Debug|Any CPU
		{149425BF-2655-4D05-8E75-D8A7077FD40F}.Debug|Any CPU.Build.0 = Debug|Any CPU
		{149425BF-2655-4D05-8E75-D8A7077FD40F}.Release|Any CPU.ActiveCfg = Release|Any CPU
		{149425BF-2655-4D05-8E75-D8A7077FD40F}.Release|Any CPU.Build.0 = Release|Any CPU
		{DD02BAA0-1D9F-4D96-B949-4873EF21E988}.Debug|Any CPU.ActiveCfg = Debug|Any CPU
		{DD02BAA0-1D9F-4D96-B949-4873EF21E988}.Debug|Any CPU.Build.0 = Debug|Any CPU
		{DD02BAA0-1D9F-4D96-B949-4873EF21E988}.Release|Any CPU.ActiveCfg = Release|Any CPU
		{DD02BAA0-1D9F-4D96-B949-4873EF21E988}.Release|Any CPU.Build.0 = Release|Any CPU
		{20E6F171-3D8B-44B8-8EF0-56DEB95A262C}.Debug|Any CPU.ActiveCfg = Debug|Any CPU
		{20E6F171-3D8B-44B8-8EF0-56DEB95A262C}.Debug|Any CPU.Build.0 = Debug|Any CPU
		{20E6F171-3D8B-44B8-8EF0-56DEB95A262C}.Release|Any CPU.ActiveCfg = Release|Any CPU
		{20E6F171-3D8B-44B8-8EF0-56DEB95A262C}.Release|Any CPU.Build.0 = Release|Any CPU
		{201E99B7-D219-49FD-A58A-DB8A0D087E06}.Debug|Any CPU.ActiveCfg = Debug|Any CPU
		{201E99B7-D219-49FD-A58A-DB8A0D087E06}.Debug|Any CPU.Build.0 = Debug|Any CPU
		{201E99B7-D219-49FD-A58A-DB8A0D087E06}.Release|Any CPU.ActiveCfg = Release|Any CPU
		{201E99B7-D219-49FD-A58A-DB8A0D087E06}.Release|Any CPU.Build.0 = Release|Any CPU
	EndGlobalSection
	GlobalSection(SolutionProperties) = preSolution
		HideSolutionNode = FALSE
	EndGlobalSection
	GlobalSection(NestedProjects) = preSolution
		{149425BF-2655-4D05-8E75-D8A7077FD40F} = {C23AA997-CE2C-4F22-A374-64A7313B8689}
		{DD02BAA0-1D9F-4D96-B949-4873EF21E988} = {C23AA997-CE2C-4F22-A374-64A7313B8689}
		{20E6F171-3D8B-44B8-8EF0-56DEB95A262C} = {C23AA997-CE2C-4F22-A374-64A7313B8689}
		{201E99B7-D219-49FD-A58A-DB8A0D087E06} = {C23AA997-CE2C-4F22-A374-64A7313B8689}
	EndGlobalSection
EndGlobal
