
Microsoft Visual Studio Solution File, Format Version 12.00
# Visual Studio 2013
VisualStudioVersion = 12.0.30501.0
MinimumVisualStudioVersion = 10.0.40219.1
Project("{FAE04EC0-301F-11D3-BF4B-00C04F79EFBC}") = "NinjaAssassins.Models", "NinjaAssassins.Models\NinjaAssassins.Models.csproj", "{D081D8E2-CF91-4DDE-95F5-713B4450CFEB}"
EndProject
Project("{FAE04EC0-301F-11D3-BF4B-00C04F79EFBC}") = "NinjaAssassins.ConsoleApplication", "NinjaAssassins.ConsoleApplication\NinjaAssassins.ConsoleApplication.csproj", "{62B6399E-42A6-4F48-88BF-0B43562D7D8E}"
EndProject
Project("{FAE04EC0-301F-11D3-BF4B-00C04F79EFBC}") = "NinjaAssassins.GameLogic", "NinjaAssassins.GameLogic\NinjaAssassins.GameLogic.csproj", "{07FB85E2-B21C-4C7F-8025-306E9D91F87B}"
EndProject
Project("{FAE04EC0-301F-11D3-BF4B-00C04F79EFBC}") = "NinjaAssassins.Helper", "NinjaAssassins.Helper\NinjaAssassins.Helper.csproj", "{7E26E93A-55F9-437E-AD7F-7A086900B3AD}"
EndProject
Global
	GlobalSection(SolutionConfigurationPlatforms) = preSolution
		Debug|Any CPU = Debug|Any CPU
		Release|Any CPU = Release|Any CPU
	EndGlobalSection
	GlobalSection(ProjectConfigurationPlatforms) = postSolution
		{D081D8E2-CF91-4DDE-95F5-713B4450CFEB}.Debug|Any CPU.ActiveCfg = Debug|Any CPU
		{D081D8E2-CF91-4DDE-95F5-713B4450CFEB}.Debug|Any CPU.Build.0 = Debug|Any CPU
		{D081D8E2-CF91-4DDE-95F5-713B4450CFEB}.Release|Any CPU.ActiveCfg = Release|Any CPU
		{D081D8E2-CF91-4DDE-95F5-713B4450CFEB}.Release|Any CPU.Build.0 = Release|Any CPU
		{62B6399E-42A6-4F48-88BF-0B43562D7D8E}.Debug|Any CPU.ActiveCfg = Debug|Any CPU
		{62B6399E-42A6-4F48-88BF-0B43562D7D8E}.Debug|Any CPU.Build.0 = Debug|Any CPU
		{62B6399E-42A6-4F48-88BF-0B43562D7D8E}.Release|Any CPU.ActiveCfg = Release|Any CPU
		{62B6399E-42A6-4F48-88BF-0B43562D7D8E}.Release|Any CPU.Build.0 = Release|Any CPU
		{07FB85E2-B21C-4C7F-8025-306E9D91F87B}.Debug|Any CPU.ActiveCfg = Debug|Any CPU
		{07FB85E2-B21C-4C7F-8025-306E9D91F87B}.Debug|Any CPU.Build.0 = Debug|Any CPU
		{07FB85E2-B21C-4C7F-8025-306E9D91F87B}.Release|Any CPU.ActiveCfg = Release|Any CPU
		{07FB85E2-B21C-4C7F-8025-306E9D91F87B}.Release|Any CPU.Build.0 = Release|Any CPU
		{7E26E93A-55F9-437E-AD7F-7A086900B3AD}.Debug|Any CPU.ActiveCfg = Debug|Any CPU
		{7E26E93A-55F9-437E-AD7F-7A086900B3AD}.Debug|Any CPU.Build.0 = Debug|Any CPU
		{7E26E93A-55F9-437E-AD7F-7A086900B3AD}.Release|Any CPU.ActiveCfg = Release|Any CPU
		{7E26E93A-55F9-437E-AD7F-7A086900B3AD}.Release|Any CPU.Build.0 = Release|Any CPU
	EndGlobalSection
	GlobalSection(SolutionProperties) = preSolution
		HideSolutionNode = FALSE
	EndGlobalSection
EndGlobal
