
Microsoft Visual Studio Solution File, Format Version 12.00
# Visual Studio 15
VisualStudioVersion = 15.0.26730.16
MinimumVisualStudioVersion = 10.0.40219.1
Project("{2150E333-8FDC-42A3-9474-1A3956D46DE8}") = "Homework", "Homework", "{BDD63052-FA07-479C-BD9B-AB9521C12CDF}"
	ProjectSection(SolutionItems) = preProject
		catalog.xml = catalog.xml
	EndProjectSection
EndProject
Project("{2150E333-8FDC-42A3-9474-1A3956D46DE8}") = "Temp", "Temp", "{4FBD4ACD-4B84-4144-BB45-DDF86757C2A8}"
	ProjectSection(SolutionItems) = preProject
		XMLSchema1.xsd = XMLSchema1.xsd
		XSLTFile1.xslt = XSLTFile1.xslt
	EndProjectSection
EndProject
Project("{2150E333-8FDC-42A3-9474-1A3956D46DE8}") = "Solutions XML Parsing", "Solutions XML Parsing", "{FF0DABF0-9604-4B82-AA83-3BCAB09F0639}"
EndProject
Project("{FAE04EC0-301F-11D3-BF4B-00C04F79EFBC}") = "XML Parsing", "XML Parsing\XML Parsing.csproj", "{15DC2B04-479E-4A6E-9A61-B7E25905B141}"
EndProject
Global
	GlobalSection(SolutionConfigurationPlatforms) = preSolution
		Debug|Any CPU = Debug|Any CPU
		Release|Any CPU = Release|Any CPU
	EndGlobalSection
	GlobalSection(ProjectConfigurationPlatforms) = postSolution
		{15DC2B04-479E-4A6E-9A61-B7E25905B141}.Debug|Any CPU.ActiveCfg = Debug|Any CPU
		{15DC2B04-479E-4A6E-9A61-B7E25905B141}.Debug|Any CPU.Build.0 = Debug|Any CPU
		{15DC2B04-479E-4A6E-9A61-B7E25905B141}.Release|Any CPU.ActiveCfg = Release|Any CPU
		{15DC2B04-479E-4A6E-9A61-B7E25905B141}.Release|Any CPU.Build.0 = Release|Any CPU
	EndGlobalSection
	GlobalSection(SolutionProperties) = preSolution
		HideSolutionNode = FALSE
	EndGlobalSection
	GlobalSection(NestedProjects) = preSolution
		{15DC2B04-479E-4A6E-9A61-B7E25905B141} = {FF0DABF0-9604-4B82-AA83-3BCAB09F0639}
	EndGlobalSection
	GlobalSection(ExtensibilityGlobals) = postSolution
		SolutionGuid = {394B7FAF-61C3-4723-A59B-D1302BB9C524}
	EndGlobalSection
EndGlobal
