
Microsoft Visual Studio Solution File, Format Version 12.00
# Visual Studio 15
VisualStudioVersion = 15.0.26730.16
MinimumVisualStudioVersion = 10.0.40219.1
Project("{9A19103F-16F7-4668-BE54-9A1E7A4F7556}") = "Exam15min", "Exam15min\Exam15min.csproj", "{AEFC95C8-0FB4-410A-9886-3FE49D4ADBDA}"
EndProject
Global
	GlobalSection(SolutionConfigurationPlatforms) = preSolution
		Debug|Any CPU = Debug|Any CPU
		Release|Any CPU = Release|Any CPU
	EndGlobalSection
	GlobalSection(ProjectConfigurationPlatforms) = postSolution
		{AEFC95C8-0FB4-410A-9886-3FE49D4ADBDA}.Debug|Any CPU.ActiveCfg = Debug|Any CPU
		{AEFC95C8-0FB4-410A-9886-3FE49D4ADBDA}.Debug|Any CPU.Build.0 = Debug|Any CPU
		{AEFC95C8-0FB4-410A-9886-3FE49D4ADBDA}.Release|Any CPU.ActiveCfg = Release|Any CPU
		{AEFC95C8-0FB4-410A-9886-3FE49D4ADBDA}.Release|Any CPU.Build.0 = Release|Any CPU
	EndGlobalSection
	GlobalSection(SolutionProperties) = preSolution
		HideSolutionNode = FALSE
	EndGlobalSection
	GlobalSection(ExtensibilityGlobals) = postSolution
		SolutionGuid = {4CC1FD8E-6355-44CE-9F3F-16947B6A5248}
	EndGlobalSection
EndGlobal
